
Microsoft Visual Studio Solution File, Format Version 12.00
# Visual Studio Version 16
VisualStudioVersion = 16.0.29709.97
MinimumVisualStudioVersion = 10.0.40219.1
Project("{9A19103F-16F7-4668-BE54-9A1E7A4F7556}") = "Webs.Web", "Webs.Web\Webs.Web.csproj", "{615C84B0-EBBC-41DE-8BAB-DAE27EDABCEB}"
EndProject
Project("{FAE04EC0-301F-11D3-BF4B-00C04F79EFBC}") = "Webs.Domain", "Webs.Domain\Webs.Domain.csproj", "{95E1F9DC-B3D0-49CC-98B1-BF37B95A8A03}"
EndProject
Project("{FAE04EC0-301F-11D3-BF4B-00C04F79EFBC}") = "Webs.Repository", "Webs.Repository\Webs.Repository.csproj", "{1832DF72-CDC7-4C03-A610-59C81645F953}"
EndProject
Global
	GlobalSection(SolutionConfigurationPlatforms) = preSolution
		Debug|Any CPU = Debug|Any CPU
		Release|Any CPU = Release|Any CPU
	EndGlobalSection
	GlobalSection(ProjectConfigurationPlatforms) = postSolution
		{615C84B0-EBBC-41DE-8BAB-DAE27EDABCEB}.Debug|Any CPU.ActiveCfg = Debug|Any CPU
		{615C84B0-EBBC-41DE-8BAB-DAE27EDABCEB}.Debug|Any CPU.Build.0 = Debug|Any CPU
		{615C84B0-EBBC-41DE-8BAB-DAE27EDABCEB}.Release|Any CPU.ActiveCfg = Release|Any CPU
		{615C84B0-EBBC-41DE-8BAB-DAE27EDABCEB}.Release|Any CPU.Build.0 = Release|Any CPU
		{95E1F9DC-B3D0-49CC-98B1-BF37B95A8A03}.Debug|Any CPU.ActiveCfg = Debug|Any CPU
		{95E1F9DC-B3D0-49CC-98B1-BF37B95A8A03}.Debug|Any CPU.Build.0 = Debug|Any CPU
		{95E1F9DC-B3D0-49CC-98B1-BF37B95A8A03}.Release|Any CPU.ActiveCfg = Release|Any CPU
		{95E1F9DC-B3D0-49CC-98B1-BF37B95A8A03}.Release|Any CPU.Build.0 = Release|Any CPU
		{1832DF72-CDC7-4C03-A610-59C81645F953}.Debug|Any CPU.ActiveCfg = Debug|Any CPU
		{1832DF72-CDC7-4C03-A610-59C81645F953}.Debug|Any CPU.Build.0 = Debug|Any CPU
		{1832DF72-CDC7-4C03-A610-59C81645F953}.Release|Any CPU.ActiveCfg = Release|Any CPU
		{1832DF72-CDC7-4C03-A610-59C81645F953}.Release|Any CPU.Build.0 = Release|Any CPU
	EndGlobalSection
	GlobalSection(SolutionProperties) = preSolution
		HideSolutionNode = FALSE
	EndGlobalSection
	GlobalSection(ExtensibilityGlobals) = postSolution
		SolutionGuid = {43F13225-5E47-4530-89C6-74C9BCF23F71}
	EndGlobalSection
EndGlobal
